// !$*UTF8*$!
{
	archiveVersion = 1;
	classes = {
	};
	objectVersion = 48;
	objects = {

/* Begin PBXBuildFile section */
		E90B176A1F940AA4009DBE2F /* AppDelegate.swift in Sources */ = {isa = PBXBuildFile; fileRef = E90B17691F940AA4009DBE2F /* AppDelegate.swift */; };
		E90B176C1F940AA4009DBE2F /* ViewController.swift in Sources */ = {isa = PBXBuildFile; fileRef = E90B176B1F940AA4009DBE2F /* ViewController.swift */; };
		E90B176F1F940AA4009DBE2F /* Main.storyboard in Resources */ = {isa = PBXBuildFile; fileRef = E90B176D1F940AA4009DBE2F /* Main.storyboard */; };
		E90B17721F940AA4009DBE2F /* Core_Data_Demo.xcdatamodeld in Sources */ = {isa = PBXBuildFile; fileRef = E90B17701F940AA4009DBE2F /* Core_Data_Demo.xcdatamodeld */; };
		E90B17741F940AA4009DBE2F /* Assets.xcassets in Resources */ = {isa = PBXBuildFile; fileRef = E90B17731F940AA4009DBE2F /* Assets.xcassets */; };
		E90B17771F940AA4009DBE2F /* LaunchScreen.storyboard in Resources */ = {isa = PBXBuildFile; fileRef = E90B17751F940AA4009DBE2F /* LaunchScreen.storyboard */; };
/* End PBXBuildFile section */

/* Begin PBXFileReference section */
		E90B17661F940AA4009DBE2F /* Core Data Demo.app */ = {isa = PBXFileReference; explicitFileType = wrapper.application; includeInIndex = 0; path = "Core Data Demo.app"; sourceTree = BUILT_PRODUCTS_DIR; };
		E90B17691F940AA4009DBE2F /* AppDelegate.swift */ = {isa = PBXFileReference; lastKnownFileType = sourcecode.swift; path = AppDelegate.swift; sourceTree = "<group>"; };
		E90B176B1F940AA4009DBE2F /* ViewController.swift */ = {isa = PBXFileReference; lastKnownFileType = sourcecode.swift; path = ViewController.swift; sourceTree = "<group>"; };
		E90B176E1F940AA4009DBE2F /* Base */ = {isa = PBXFileReference; lastKnownFileType = file.storyboard; name = Base; path = Base.lproj/Main.storyboard; sourceTree = "<group>"; };
		E90B17711F940AA4009DBE2F /* Core_Data_Demo.xcdatamodel */ = {isa = PBXFileReference; lastKnownFileType = wrapper.xcdatamodel; path = Core_Data_Demo.xcdatamodel; sourceTree = "<group>"; };
		E90B17731F940AA4009DBE2F /* Assets.xcassets */ = {isa = PBXFileReference; lastKnownFileType = folder.assetcatalog; path = Assets.xcassets; sourceTree = "<group>"; };
		E90B17761F940AA4009DBE2F /* Base */ = {isa = PBXFileReference; lastKnownFileType = file.storyboard; name = Base; path = Base.lproj/LaunchScreen.storyboard; sourceTree = "<group>"; };
		E90B17781F940AA4009DBE2F /* Info.plist */ = {isa = PBXFileReference; lastKnownFileType = text.plist.xml; path = Info.plist; sourceTree = "<group>"; };
/* End PBXFileReference section */

/* Begin PBXFrameworksBuildPhase section */
		E90B17631F940AA4009DBE2F /* Frameworks */ = {
			isa = PBXFrameworksBuildPhase;
			buildActionMask = 2147483647;
			files = (
			);
			runOnlyForDeploymentPostprocessing = 0;
		};
/* End PBXFrameworksBuildPhase section */

/* Begin PBXGroup section */
		E90B175D1F940AA4009DBE2F = {
			isa = PBXGroup;
			children = (
				E90B17681F940AA4009DBE2F /* Core Data Demo */,
				E90B17671F940AA4009DBE2F /* Products */,
			);
			sourceTree = "<group>";
		};
		E90B17671F940AA4009DBE2F /* Products */ = {
			isa = PBXGroup;
			children = (
				E90B17661F940AA4009DBE2F /* Core Data Demo.app */,
			);
			name = Products;
			sourceTree = "<group>";
		};
		E90B17681F940AA4009DBE2F /* Core Data Demo */ = {
			isa = PBXGroup;
			children = (
				E90B17691F940AA4009DBE2F /* AppDelegate.swift */,
				E90B176B1F940AA4009DBE2F /* ViewController.swift */,
				E90B176D1F940AA4009DBE2F /* Main.storyboard */,
				E90B17731F940AA4009DBE2F /* Assets.xcassets */,
				E90B17751F940AA4009DBE2F /* LaunchScreen.storyboard */,
				E90B17781F940AA4009DBE2F /* Info.plist */,
				E90B17701F940AA4009DBE2F /* Core_Data_Demo.xcdatamodeld */,
			);
			path = "Core Data Demo";
			sourceTree = "<group>";
		};
/* End PBXGroup section */

/* Begin PBXNativeTarget section */
		E90B17651F940AA4009DBE2F /* Core Data Demo */ = {
			isa = PBXNativeTarget;
			buildConfigurationList = E90B177B1F940AA4009DBE2F /* Build configuration list for PBXNativeTarget "Core Data Demo" */;
			buildPhases = (
				E90B17621F940AA4009DBE2F /* Sources */,
				E90B17631F940AA4009DBE2F /* Frameworks */,
				E90B17641F940AA4009DBE2F /* Resources */,
			);
			buildRules = (
			);
			dependencies = (
			);
			name = "Core Data Demo";
			productName = "Core Data Demo";
			productReference = E90B17661F940AA4009DBE2F /* Core Data Demo.app */;
			productType = "com.apple.product-type.application";
		};
/* End PBXNativeTarget section */

/* Begin PBXProject section */
		E90B175E1F940AA4009DBE2F /* Project object */ = {
			isa = PBXProject;
			attributes = {
				LastSwiftUpdateCheck = 0900;
				LastUpgradeCheck = 0900;
				ORGANIZATIONNAME = "Lilly Tong";
				TargetAttributes = {
					E90B17651F940AA4009DBE2F = {
						CreatedOnToolsVersion = 9.0;
						ProvisioningStyle = Automatic;
					};
				};
			};
			buildConfigurationList = E90B17611F940AA4009DBE2F /* Build configuration list for PBXProject "Core Data Demo" */;
			compatibilityVersion = "Xcode 8.0";
			developmentRegion = en;
			hasScannedForEncodings = 0;
			knownRegions = (
				en,
				Base,
			);
			mainGroup = E90B175D1F940AA4009DBE2F;
			productRefGroup = E90B17671F940AA4009DBE2F /* Products */;
			projectDirPath = "";
			projectRoot = "";
			targets = (
				E90B17651F940AA4009DBE2F /* Core Data Demo */,
			);
		};
/* End PBXProject section */

/* Begin PBXResourcesBuildPhase section */
		E90B17641F940AA4009DBE2F /* Resources */ = {
			isa = PBXResourcesBuildPhase;
			buildActionMask = 2147483647;
			files = (
				E90B17771F940AA4009DBE2F /* LaunchScreen.storyboard in Resources */,
				E90B17741F940AA4009DBE2F /* Assets.xcassets in Resources */,
				E90B176F1F940AA4009DBE2F /* Main.storyboard in Resources */,
			);
			runOnlyForDeploymentPostprocessing = 0;
		};
/* End PBXResourcesBuildPhase section */

/* Begin PBXSourcesBuildPhase section */
		E90B17621F940AA4009DBE2F /* Sources */ = {
			isa = PBXSourcesBuildPhase;
			buildActionMask = 2147483647;
			files = (
				E90B176C1F940AA4009DBE2F /* ViewController.swift in Sources */,
				E90B17721F940AA4009DBE2F /* Core_Data_Demo.xcdatamodeld in Sources */,
				E90B176A1F940AA4009DBE2F /* AppDelegate.swift in Sources */,
			);
			runOnlyForDeploymentPostprocessing = 0;
		};
/* End PBXSourcesBuildPhase section */

/* Begin PBXVariantGroup section */
		E90B176D1F940AA4009DBE2F /* Main.storyboard */ = {
			isa = PBXVariantGroup;
			children = (
				E90B176E1F940AA4009DBE2F /* Base */,
			);
			name = Main.storyboard;
			sourceTree = "<group>";
		};
		E90B17751F940AA4009DBE2F /* LaunchScreen.storyboard */ = {
			isa = PBXVariantGroup;
			children = (
				E90B17761F940AA4009DBE2F /* Base */,
			);
			name = LaunchScreen.storyboard;
			sourceTree = "<group>";
		};
/* End PBXVariantGroup section */

/* Begin XCBuildConfiguration section */
		E90B17791F940AA4009DBE2F /* Debug */ = {
			isa = XCBuildConfiguration;
			buildSettings = {
				ALWAYS_SEARCH_USER_PATHS = NO;
				CLANG_ANALYZER_NONNULL = YES;
				CLANG_ANALYZER_NUMBER_OBJECT_CONVERSION = YES_AGGRESSIVE;
				CLANG_CXX_LANGUAGE_STANDARD = "gnu++14";
				CLANG_CXX_LIBRARY = "libc++";
				CLANG_ENABLE_MODULES = YES;
				CLANG_ENABLE_OBJC_ARC = YES;
				CLANG_WARN_BLOCK_CAPTURE_AUTORELEASING = YES;
				CLANG_WARN_BOOL_CONVERSION = YES;
				CLANG_WARN_COMMA = YES;
				CLANG_WARN_CONSTANT_CONVERSION = YES;
				CLANG_WARN_DIRECT_OBJC_ISA_USAGE = YES_ERROR;
				CLANG_WARN_DOCUMENTATION_COMMENTS = YES;
				CLANG_WARN_EMPTY_BODY = YES;
				CLANG_WARN_ENUM_CONVERSION = YES;
				CLANG_WARN_INFINITE_RECURSION = YES;
				CLANG_WARN_INT_CONVERSION = YES;
				CLANG_WARN_NON_LITERAL_NULL_CONVERSION = YES;
				CLANG_WARN_OBJC_LITERAL_CONVERSION = YES;
				CLANG_WARN_OBJC_ROOT_CLASS = YES_ERROR;
				CLANG_WARN_RANGE_LOOP_ANALYSIS = YES;
				CLANG_WARN_STRICT_PROTOTYPES = YES;
				CLANG_WARN_SUSPICIOUS_MOVE = YES;
				CLANG_WARN_UNGUARDED_AVAILABILITY = YES_AGGRESSIVE;
				CLANG_WARN_UNREACHABLE_CODE = YES;
				CLANG_WARN__DUPLICATE_METHOD_MATCH = YES;
				CODE_SIGN_IDENTITY = "iPhone Developer";
				COPY_PHASE_STRIP = NO;
				DEBUG_INFORMATION_FORMAT = dwarf;
				ENABLE_STRICT_OBJC_MSGSEND = YES;
				ENABLE_TESTABILITY = YES;
				GCC_C_LANGUAGE_STANDARD = gnu11;
				GCC_DYNAMIC_NO_PIC = NO;
				GCC_NO_COMMON_BLOCKS = YES;
				GCC_OPTIMIZATION_LEVEL = 0;
				GCC_PREPROCESSOR_DEFINITIONS = (
					"DEBUG=1",
					"$(inherited)",
				);
				GCC_WARN_64_TO_32_BIT_CONVERSION = YES;
				GCC_WARN_ABOUT_RETURN_TYPE = YES_ERROR;
				GCC_WARN_UNDECLARED_SELECTOR = YES;
				GCC_WARN_UNINITIALIZED_AUTOS = YES_AGGRESSIVE;
				GCC_WARN_UNUSED_FUNCTION = YES;
				GCC_WARN_UNUSED_VARIABLE = YES;
				IPHONEOS_DEPLOYMENT_TARGET = 11.0;
				MTL_ENABLE_DEBUG_INFO = YES;
				ONLY_ACTIVE_ARCH = YES;
				SDKROOT = iphoneos;
				SWIFT_ACTIVE_COMPILATION_CONDITIONS = DEBUG;
				SWIFT_OPTIMIZATION_LEVEL = "-Onone";
			};
			name = Debug;
		};
		E90B177A1F940AA4009DBE2F /* Release */ = {
			isa = XCBuildConfiguration;
			buildSettings = {
				ALWAYS_SEARCH_USER_PATHS = NO;
				CLANG_ANALYZER_NONNULL = YES;
				CLANG_ANALYZER_NUMBER_OBJECT_CONVERSION = YES_AGGRESSIVE;
				CLANG_CXX_LANGUAGE_STANDARD = "gnu++14";
				CLANG_CXX_LIBRARY = "libc++";
				CLANG_ENABLE_MODULES = YES;
				CLANG_ENABLE_OBJC_ARC = YES;
				CLANG_WARN_BLOCK_CAPTURE_AUTORELEASING = YES;
				CLANG_WARN_BOOL_CONVERSION = YES;
				CLANG_WARN_COMMA = YES;
				CLANG_WARN_CONSTANT_CONVERSION = YES;
				CLANG_WARN_DIRECT_OBJC_ISA_USAGE = YES_ERROR;
				CLANG_WARN_DOCUMENTATION_COMMENTS = YES;
				CLANG_WARN_EMPTY_BODY = YES;
				CLANG_WARN_ENUM_CONVERSION = YES;
				CLANG_WARN_INFINITE_RECURSION = YES;
				CLANG_WARN_INT_CONVERSION = YES;
				CLANG_WARN_NON_LITERAL_NULL_CONVERSION = YES;
				CLANG_WARN_OBJC_LITERAL_CONVERSION = YES;
				CLANG_WARN_OBJC_ROOT_CLASS = YES_ERROR;
				CLANG_WARN_RANGE_LOOP_ANALYSIS = YES;
				CLANG_WARN_STRICT_PROTOTYPES = YES;
				CLANG_WARN_SUSPICIOUS_MOVE = YES;
				CLANG_WARN_UNGUARDED_AVAILABILITY = YES_AGGRESSIVE;
				CLANG_WARN_UNREACHABLE_CODE = YES;
				CLANG_WARN__DUPLICATE_METHOD_MATCH = YES;
				CODE_SIGN_IDENTITY = "iPhone Developer";
				COPY_PHASE_STRIP = NO;
				DEBUG_INFORMATION_FORMAT = "dwarf-with-dsym";
				ENABLE_NS_ASSERTIONS = NO;
				ENABLE_STRICT_OBJC_MSGSEND = YES;
				GCC_C_LANGUAGE_STANDARD = gnu11;
				GCC_NO_COMMON_BLOCKS = YES;
				GCC_WARN_64_TO_32_BIT_CONVERSION = YES;
				GCC_WARN_ABOUT_RETURN_TYPE = YES_ERROR;
				GCC_WARN_UNDECLARED_SELECTOR = YES;
				GCC_WARN_UNINITIALIZED_AUTOS = YES_AGGRESSIVE;
				GCC_WARN_UNUSED_FUNCTION = YES;
				GCC_WARN_UNUSED_VARIABLE = YES;
				IPHONEOS_DEPLOYMENT_TARGET = 11.0;
				MTL_ENABLE_DEBUG_INFO = NO;
				SDKROOT = iphoneos;
				SWIFT_OPTIMIZATION_LEVEL = "-Owholemodule";
				VALIDATE_PRODUCT = YES;
			};
			name = Release;
		};
		E90B177C1F940AA4009DBE2F /* Debug */ = {
			isa = XCBuildConfiguration;
			buildSettings = {
				ASSETCATALOG_COMPILER_APPICON_NAME = AppIcon;
				CODE_SIGN_STYLE = Automatic;
				INFOPLIST_FILE = "Core Data Demo/Info.plist";
				LD_RUNPATH_SEARCH_PATHS = "$(inherited) @executable_path/Frameworks";
				PRODUCT_BUNDLE_IDENTIFIER = "com.LillyTong.Core-Data-Demo";
				PRODUCT_NAME = "$(TARGET_NAME)";
				SWIFT_VERSION = 4.0;
				TARGETED_DEVICE_FAMILY = "1,2";
			};
			name = Debug;
		};
		E90B177D1F940AA4009DBE2F /* Release */ = {
			isa = XCBuildConfiguration;
			buildSettings = {
				ASSETCATALOG_COMPILER_APPICON_NAME = AppIcon;
				CODE_SIGN_STYLE = Automatic;
				INFOPLIST_FILE = "Core Data Demo/Info.plist";
				LD_RUNPATH_SEARCH_PATHS = "$(inherited) @executable_path/Frameworks";
				PRODUCT_BUNDLE_IDENTIFIER = "com.LillyTong.Core-Data-Demo";
				PRODUCT_NAME = "$(TARGET_NAME)";
				SWIFT_VERSION = 4.0;
				TARGETED_DEVICE_FAMILY = "1,2";
			};
			name = Release;
		};
/* End XCBuildConfiguration section */

/* Begin XCConfigurationList section */
		E90B17611F940AA4009DBE2F /* Build configuration list for PBXProject "Core Data Demo" */ = {
			isa = XCConfigurationList;
			buildConfigurations = (
				E90B17791F940AA4009DBE2F /* Debug */,
				E90B177A1F940AA4009DBE2F /* Release */,
			);
			defaultConfigurationIsVisible = 0;
			defaultConfigurationName = Release;
		};
		E90B177B1F940AA4009DBE2F /* Build configuration list for PBXNativeTarget "Core Data Demo" */ = {
			isa = XCConfigurationList;
			buildConfigurations = (
				E90B177C1F940AA4009DBE2F /* Debug */,
				E90B177D1F940AA4009DBE2F /* Release */,
			);
			defaultConfigurationIsVisible = 0;
			defaultConfigurationName = Release;
		};
/* End XCConfigurationList section */

/* Begin XCVersionGroup section */
		E90B17701F940AA4009DBE2F /* Core_Data_Demo.xcdatamodeld */ = {
			isa = XCVersionGroup;
			children = (
				E90B17711F940AA4009DBE2F /* Core_Data_Demo.xcdatamodel */,
			);
			currentVersion = E90B17711F940AA4009DBE2F /* Core_Data_Demo.xcdatamodel */;
			path = Core_Data_Demo.xcdatamodeld;
			sourceTree = "<group>";
			versionGroupType = wrapper.xcdatamodel;
		};
/* End XCVersionGroup section */
	};
	rootObject = E90B175E1F940AA4009DBE2F /* Project object */;
}
